
Microsoft Visual Studio Solution File, Format Version 12.00
# Visual Studio Version 17
VisualStudioVersion = 17.6.33829.357
MinimumVisualStudioVersion = 10.0.40219.1
Project("{FAE04EC0-301F-11D3-BF4B-00C04F79EFBC}") = "ShapeAreaCalculator", "ShapeAreaCalculator\ShapeAreaCalculator.csproj", "{F43DB9DD-EA7E-4E98-A598-4C9E0B917DB0}"
EndProject
Project("{FAE04EC0-301F-11D3-BF4B-00C04F79EFBC}") = "ShapeAreaCalculatorTest", "ShapeAreaCalculatorTest\ShapeAreaCalculatorTest.csproj", "{3B2F3963-5EC4-415C-A0A3-FEC2C9C0E870}"
EndProject
Global
	GlobalSection(SolutionConfigurationPlatforms) = preSolution
		Debug|Any CPU = Debug|Any CPU
		Release|Any CPU = Release|Any CPU
	EndGlobalSection
	GlobalSection(ProjectConfigurationPlatforms) = postSolution
		{F43DB9DD-EA7E-4E98-A598-4C9E0B917DB0}.Debug|Any CPU.ActiveCfg = Debug|Any CPU
		{F43DB9DD-EA7E-4E98-A598-4C9E0B917DB0}.Debug|Any CPU.Build.0 = Debug|Any CPU
		{F43DB9DD-EA7E-4E98-A598-4C9E0B917DB0}.Release|Any CPU.ActiveCfg = Release|Any CPU
		{F43DB9DD-EA7E-4E98-A598-4C9E0B917DB0}.Release|Any CPU.Build.0 = Release|Any CPU
		{3B2F3963-5EC4-415C-A0A3-FEC2C9C0E870}.Debug|Any CPU.ActiveCfg = Debug|Any CPU
		{3B2F3963-5EC4-415C-A0A3-FEC2C9C0E870}.Debug|Any CPU.Build.0 = Debug|Any CPU
		{3B2F3963-5EC4-415C-A0A3-FEC2C9C0E870}.Release|Any CPU.ActiveCfg = Release|Any CPU
		{3B2F3963-5EC4-415C-A0A3-FEC2C9C0E870}.Release|Any CPU.Build.0 = Release|Any CPU
	EndGlobalSection
	GlobalSection(SolutionProperties) = preSolution
		HideSolutionNode = FALSE
	EndGlobalSection
	GlobalSection(ExtensibilityGlobals) = postSolution
		SolutionGuid = {61367F10-E43B-4B0E-BB31-2BBDBC02C4B3}
	EndGlobalSection
EndGlobal
